// !$*UTF8*$!
{
	archiveVersion = 1;
	classes = {
	};
	objectVersion = 46;
	objects = {

/* Begin PBXBuildFile section */
		3D23DACC1C5FD8D700C5FFBA /* DreamGame.xcdatamodeld in Sources */ = {isa = PBXBuildFile; fileRef = 3D23DACA1C5FD8D700C5FFBA /* DreamGame.xcdatamodeld */; };
		3D23DB281C601DDE00C5FFBA /* Choice.m in Sources */ = {isa = PBXBuildFile; fileRef = 3D23DB1A1C601DDE00C5FFBA /* Choice.m */; };
		3D23DB2A1C601DDE00C5FFBA /* Prerequisite.m in Sources */ = {isa = PBXBuildFile; fileRef = 3D23DB1E1C601DDE00C5FFBA /* Prerequisite.m */; };
		3D23DB2C1C601DDE00C5FFBA /* Effect.m in Sources */ = {isa = PBXBuildFile; fileRef = 3D23DB221C601DDE00C5FFBA /* Effect.m */; };
		3D23DB2E1C601DDE00C5FFBA /* Question.m in Sources */ = {isa = PBXBuildFile; fileRef = 3D23DB261C601DDE00C5FFBA /* Question.m */; };
		3D4044D41BC5B75E00A49C70 /* main.m in Sources */ = {isa = PBXBuildFile; fileRef = 3D4044D31BC5B75E00A49C70 /* main.m */; };
		3D4044D71BC5B75E00A49C70 /* AppDelegate.m in Sources */ = {isa = PBXBuildFile; fileRef = 3D4044D61BC5B75E00A49C70 /* AppDelegate.m */; };
		3D4044DD1BC5B75E00A49C70 /* Main.storyboard in Resources */ = {isa = PBXBuildFile; fileRef = 3D4044DB1BC5B75E00A49C70 /* Main.storyboard */; };
		3D4044DF1BC5B75E00A49C70 /* Images.xcassets in Resources */ = {isa = PBXBuildFile; fileRef = 3D4044DE1BC5B75E00A49C70 /* Images.xcassets */; };
		3D4044E21BC5B75E00A49C70 /* LaunchScreen.xib in Resources */ = {isa = PBXBuildFile; fileRef = 3D4044E01BC5B75E00A49C70 /* LaunchScreen.xib */; };
		3D4044EE1BC5B75E00A49C70 /* DreamGameTests.m in Sources */ = {isa = PBXBuildFile; fileRef = 3D4044ED1BC5B75E00A49C70 /* DreamGameTests.m */; };
		3D6D5EEB1C4EB79E004FFA5F /* AMYMainTableViewController.m in Sources */ = {isa = PBXBuildFile; fileRef = 3D6D5EEA1C4EB79E004FFA5F /* AMYMainTableViewController.m */; };
		3D6D5EF11C4ED653004FFA5F /* AMYStoryDataStore.m in Sources */ = {isa = PBXBuildFile; fileRef = 3D6D5EF01C4ED653004FFA5F /* AMYStoryDataStore.m */; };
		3D82B6571C66BCA0003C2095 /* Prerequisite+CoreDataProperties.m in Sources */ = {isa = PBXBuildFile; fileRef = 3D82B6561C66BCA0003C2095 /* Prerequisite+CoreDataProperties.m */; };
		3D95E9461C776DA70029971D /* Character+CoreDataProperties.m in Sources */ = {isa = PBXBuildFile; fileRef = 3D95E9431C776DA70029971D /* Character+CoreDataProperties.m */; };
		3D95E9471C776DA70029971D /* Character.m in Sources */ = {isa = PBXBuildFile; fileRef = 3D95E9451C776DA70029971D /* Character.m */; };
		3DA309CA1C6413DD00AC8594 /* Choice+CoreDataProperties.m in Sources */ = {isa = PBXBuildFile; fileRef = 3DA309C91C6413DD00AC8594 /* Choice+CoreDataProperties.m */; };
		3DA309D01C64140300AC8594 /* Effect+CoreDataProperties.m in Sources */ = {isa = PBXBuildFile; fileRef = 3DA309CF1C64140300AC8594 /* Effect+CoreDataProperties.m */; };
		3DA309D31C64141E00AC8594 /* Question+CoreDataProperties.m in Sources */ = {isa = PBXBuildFile; fileRef = 3DA309D21C64141E00AC8594 /* Question+CoreDataProperties.m */; };
		3DBCE3511C76965B00D11500 /* Playthrough+CoreDataProperties.m in Sources */ = {isa = PBXBuildFile; fileRef = 3DBCE34E1C76965B00D11500 /* Playthrough+CoreDataProperties.m */; };
		3DBCE3521C76965B00D11500 /* Playthrough.m in Sources */ = {isa = PBXBuildFile; fileRef = 3DBCE3501C76965B00D11500 /* Playthrough.m */; };
		3DE7CF331C7BC5660069DE56 /* Choice-Table 1.csv in Resources */ = {isa = PBXBuildFile; fileRef = 3DE7CF2F1C7BC5660069DE56 /* Choice-Table 1.csv */; };
		3DE7CF341C7BC5660069DE56 /* Effect-Table 1.csv in Resources */ = {isa = PBXBuildFile; fileRef = 3DE7CF301C7BC5660069DE56 /* Effect-Table 1.csv */; };
		3DE7CF351C7BC5660069DE56 /* Prerequisite-Table 1.csv in Resources */ = {isa = PBXBuildFile; fileRef = 3DE7CF311C7BC5660069DE56 /* Prerequisite-Table 1.csv */; };
		3DE7CF361C7BC5660069DE56 /* Question-Table 1.csv in Resources */ = {isa = PBXBuildFile; fileRef = 3DE7CF321C7BC5660069DE56 /* Question-Table 1.csv */; };
		691742A96CE385055450F671 /* libPods-DreamGame.a in Frameworks */ = {isa = PBXBuildFile; fileRef = 7C0B20A447FEC170EFDF264A /* libPods-DreamGame.a */; };
/* End PBXBuildFile section */

/* Begin PBXContainerItemProxy section */
		3D4044E81BC5B75E00A49C70 /* PBXContainerItemProxy */ = {
			isa = PBXContainerItemProxy;
			containerPortal = 3D4044C61BC5B75D00A49C70 /* Project object */;
			proxyType = 1;
			remoteGlobalIDString = 3D4044CD1BC5B75E00A49C70;
			remoteInfo = DreamGame;
		};
/* End PBXContainerItemProxy section */

/* Begin PBXFileReference section */
		3D23DACB1C5FD8D700C5FFBA /* DreamGame.xcdatamodel */ = {isa = PBXFileReference; lastKnownFileType = wrapper.xcdatamodel; path = DreamGame.xcdatamodel; sourceTree = "<group>"; };
		3D23DB191C601DDE00C5FFBA /* Choice.h */ = {isa = PBXFileReference; fileEncoding = 4; lastKnownFileType = sourcecode.c.h; path = Choice.h; sourceTree = "<group>"; };
		3D23DB1A1C601DDE00C5FFBA /* Choice.m */ = {isa = PBXFileReference; fileEncoding = 4; lastKnownFileType = sourcecode.c.objc; path = Choice.m; sourceTree = "<group>"; };
		3D23DB1D1C601DDE00C5FFBA /* Prerequisite.h */ = {isa = PBXFileReference; fileEncoding = 4; lastKnownFileType = sourcecode.c.h; path = Prerequisite.h; sourceTree = "<group>"; };
		3D23DB1E1C601DDE00C5FFBA /* Prerequisite.m */ = {isa = PBXFileReference; fileEncoding = 4; lastKnownFileType = sourcecode.c.objc; path = Prerequisite.m; sourceTree = "<group>"; };
		3D23DB211C601DDE00C5FFBA /* Effect.h */ = {isa = PBXFileReference; fileEncoding = 4; lastKnownFileType = sourcecode.c.h; path = Effect.h; sourceTree = "<group>"; };
		3D23DB221C601DDE00C5FFBA /* Effect.m */ = {isa = PBXFileReference; fileEncoding = 4; lastKnownFileType = sourcecode.c.objc; path = Effect.m; sourceTree = "<group>"; };
		3D23DB251C601DDE00C5FFBA /* Question.h */ = {isa = PBXFileReference; fileEncoding = 4; lastKnownFileType = sourcecode.c.h; path = Question.h; sourceTree = "<group>"; };
		3D23DB261C601DDE00C5FFBA /* Question.m */ = {isa = PBXFileReference; fileEncoding = 4; lastKnownFileType = sourcecode.c.objc; path = Question.m; sourceTree = "<group>"; };
		3D4044CE1BC5B75E00A49C70 /* DreamGame.app */ = {isa = PBXFileReference; explicitFileType = wrapper.application; includeInIndex = 0; path = DreamGame.app; sourceTree = BUILT_PRODUCTS_DIR; };
		3D4044D21BC5B75E00A49C70 /* Info.plist */ = {isa = PBXFileReference; lastKnownFileType = text.plist.xml; path = Info.plist; sourceTree = "<group>"; };
		3D4044D31BC5B75E00A49C70 /* main.m */ = {isa = PBXFileReference; lastKnownFileType = sourcecode.c.objc; path = main.m; sourceTree = "<group>"; };
		3D4044D51BC5B75E00A49C70 /* AppDelegate.h */ = {isa = PBXFileReference; lastKnownFileType = sourcecode.c.h; path = AppDelegate.h; sourceTree = "<group>"; };
		3D4044D61BC5B75E00A49C70 /* AppDelegate.m */ = {isa = PBXFileReference; lastKnownFileType = sourcecode.c.objc; path = AppDelegate.m; sourceTree = "<group>"; };
		3D4044DC1BC5B75E00A49C70 /* Base */ = {isa = PBXFileReference; lastKnownFileType = file.storyboard; name = Base; path = Base.lproj/Main.storyboard; sourceTree = "<group>"; };
		3D4044DE1BC5B75E00A49C70 /* Images.xcassets */ = {isa = PBXFileReference; lastKnownFileType = folder.assetcatalog; path = Images.xcassets; sourceTree = "<group>"; };
		3D4044E11BC5B75E00A49C70 /* Base */ = {isa = PBXFileReference; lastKnownFileType = file.xib; name = Base; path = Base.lproj/LaunchScreen.xib; sourceTree = "<group>"; };
		3D4044E71BC5B75E00A49C70 /* DreamGameTests.xctest */ = {isa = PBXFileReference; explicitFileType = wrapper.cfbundle; includeInIndex = 0; path = DreamGameTests.xctest; sourceTree = BUILT_PRODUCTS_DIR; };
		3D4044EC1BC5B75E00A49C70 /* Info.plist */ = {isa = PBXFileReference; lastKnownFileType = text.plist.xml; path = Info.plist; sourceTree = "<group>"; };
		3D4044ED1BC5B75E00A49C70 /* DreamGameTests.m */ = {isa = PBXFileReference; lastKnownFileType = sourcecode.c.objc; path = DreamGameTests.m; sourceTree = "<group>"; };
		3D6D5EE91C4EB79E004FFA5F /* AMYMainTableViewController.h */ = {isa = PBXFileReference; fileEncoding = 4; lastKnownFileType = sourcecode.c.h; path = AMYMainTableViewController.h; sourceTree = "<group>"; };
		3D6D5EEA1C4EB79E004FFA5F /* AMYMainTableViewController.m */ = {isa = PBXFileReference; fileEncoding = 4; lastKnownFileType = sourcecode.c.objc; path = AMYMainTableViewController.m; sourceTree = "<group>"; };
		3D6D5EEF1C4ED653004FFA5F /* AMYStoryDataStore.h */ = {isa = PBXFileReference; fileEncoding = 4; lastKnownFileType = sourcecode.c.h; path = AMYStoryDataStore.h; sourceTree = "<group>"; };
		3D6D5EF01C4ED653004FFA5F /* AMYStoryDataStore.m */ = {isa = PBXFileReference; fileEncoding = 4; lastKnownFileType = sourcecode.c.objc; path = AMYStoryDataStore.m; sourceTree = "<group>"; };
		3D82B6551C66BCA0003C2095 /* Prerequisite+CoreDataProperties.h */ = {isa = PBXFileReference; fileEncoding = 4; lastKnownFileType = sourcecode.c.h; path = "Prerequisite+CoreDataProperties.h"; sourceTree = "<group>"; };
		3D82B6561C66BCA0003C2095 /* Prerequisite+CoreDataProperties.m */ = {isa = PBXFileReference; fileEncoding = 4; lastKnownFileType = sourcecode.c.objc; path = "Prerequisite+CoreDataProperties.m"; sourceTree = "<group>"; };
		3D95E9421C776DA70029971D /* Character+CoreDataProperties.h */ = {isa = PBXFileReference; fileEncoding = 4; lastKnownFileType = sourcecode.c.h; path = "Character+CoreDataProperties.h"; sourceTree = "<group>"; };
		3D95E9431C776DA70029971D /* Character+CoreDataProperties.m */ = {isa = PBXFileReference; fileEncoding = 4; lastKnownFileType = sourcecode.c.objc; path = "Character+CoreDataProperties.m"; sourceTree = "<group>"; };
		3D95E9441C776DA70029971D /* Character.h */ = {isa = PBXFileReference; fileEncoding = 4; lastKnownFileType = sourcecode.c.h; path = Character.h; sourceTree = "<group>"; };
		3D95E9451C776DA70029971D /* Character.m */ = {isa = PBXFileReference; fileEncoding = 4; lastKnownFileType = sourcecode.c.objc; path = Character.m; sourceTree = "<group>"; };
		3DA309C81C6413DD00AC8594 /* Choice+CoreDataProperties.h */ = {isa = PBXFileReference; fileEncoding = 4; lastKnownFileType = sourcecode.c.h; path = "Choice+CoreDataProperties.h"; sourceTree = "<group>"; };
		3DA309C91C6413DD00AC8594 /* Choice+CoreDataProperties.m */ = {isa = PBXFileReference; fileEncoding = 4; lastKnownFileType = sourcecode.c.objc; path = "Choice+CoreDataProperties.m"; sourceTree = "<group>"; };
		3DA309CE1C64140300AC8594 /* Effect+CoreDataProperties.h */ = {isa = PBXFileReference; fileEncoding = 4; lastKnownFileType = sourcecode.c.h; path = "Effect+CoreDataProperties.h"; sourceTree = "<group>"; };
		3DA309CF1C64140300AC8594 /* Effect+CoreDataProperties.m */ = {isa = PBXFileReference; fileEncoding = 4; lastKnownFileType = sourcecode.c.objc; path = "Effect+CoreDataProperties.m"; sourceTree = "<group>"; };
		3DA309D11C64141E00AC8594 /* Question+CoreDataProperties.h */ = {isa = PBXFileReference; fileEncoding = 4; lastKnownFileType = sourcecode.c.h; path = "Question+CoreDataProperties.h"; sourceTree = "<group>"; };
		3DA309D21C64141E00AC8594 /* Question+CoreDataProperties.m */ = {isa = PBXFileReference; fileEncoding = 4; lastKnownFileType = sourcecode.c.objc; path = "Question+CoreDataProperties.m"; sourceTree = "<group>"; };
		3DBCE34D1C76965B00D11500 /* Playthrough+CoreDataProperties.h */ = {isa = PBXFileReference; fileEncoding = 4; lastKnownFileType = sourcecode.c.h; path = "Playthrough+CoreDataProperties.h"; sourceTree = "<group>"; };
		3DBCE34E1C76965B00D11500 /* Playthrough+CoreDataProperties.m */ = {isa = PBXFileReference; fileEncoding = 4; lastKnownFileType = sourcecode.c.objc; path = "Playthrough+CoreDataProperties.m"; sourceTree = "<group>"; };
		3DBCE34F1C76965B00D11500 /* Playthrough.h */ = {isa = PBXFileReference; fileEncoding = 4; lastKnownFileType = sourcecode.c.h; path = Playthrough.h; sourceTree = "<group>"; };
		3DBCE3501C76965B00D11500 /* Playthrough.m */ = {isa = PBXFileReference; fileEncoding = 4; lastKnownFileType = sourcecode.c.objc; path = Playthrough.m; sourceTree = "<group>"; };
		3DE7CF2F1C7BC5660069DE56 /* Choice-Table 1.csv */ = {isa = PBXFileReference; fileEncoding = 4; lastKnownFileType = text; path = "Choice-Table 1.csv"; sourceTree = "<group>"; };
		3DE7CF301C7BC5660069DE56 /* Effect-Table 1.csv */ = {isa = PBXFileReference; fileEncoding = 4; lastKnownFileType = text; path = "Effect-Table 1.csv"; sourceTree = "<group>"; };
		3DE7CF311C7BC5660069DE56 /* Prerequisite-Table 1.csv */ = {isa = PBXFileReference; fileEncoding = 4; lastKnownFileType = text; path = "Prerequisite-Table 1.csv"; sourceTree = "<group>"; };
		3DE7CF321C7BC5660069DE56 /* Question-Table 1.csv */ = {isa = PBXFileReference; fileEncoding = 4; lastKnownFileType = text; path = "Question-Table 1.csv"; sourceTree = "<group>"; };
		7C0B20A447FEC170EFDF264A /* libPods-DreamGame.a */ = {isa = PBXFileReference; explicitFileType = archive.ar; includeInIndex = 0; path = "libPods-DreamGame.a"; sourceTree = BUILT_PRODUCTS_DIR; };
		8231DBC9ECED056C7715B9D4 /* Pods-DreamGame.release.xcconfig */ = {isa = PBXFileReference; includeInIndex = 1; lastKnownFileType = text.xcconfig; name = "Pods-DreamGame.release.xcconfig"; path = "Pods/Target Support Files/Pods-DreamGame/Pods-DreamGame.release.xcconfig"; sourceTree = "<group>"; };
		F8AE51E7B2D1ACD486576B39 /* Pods-DreamGame.debug.xcconfig */ = {isa = PBXFileReference; includeInIndex = 1; lastKnownFileType = text.xcconfig; name = "Pods-DreamGame.debug.xcconfig"; path = "Pods/Target Support Files/Pods-DreamGame/Pods-DreamGame.debug.xcconfig"; sourceTree = "<group>"; };
/* End PBXFileReference section */

/* Begin PBXFrameworksBuildPhase section */
		3D4044CB1BC5B75E00A49C70 /* Frameworks */ = {
			isa = PBXFrameworksBuildPhase;
			buildActionMask = 2147483647;
			files = (
				691742A96CE385055450F671 /* libPods-DreamGame.a in Frameworks */,
			);
			runOnlyForDeploymentPostprocessing = 0;
		};
		3D4044E41BC5B75E00A49C70 /* Frameworks */ = {
			isa = PBXFrameworksBuildPhase;
			buildActionMask = 2147483647;
			files = (
			);
			runOnlyForDeploymentPostprocessing = 0;
		};
/* End PBXFrameworksBuildPhase section */

/* Begin PBXGroup section */
		234DDBAB976BFF0B1621EDB2 /* Pods */ = {
			isa = PBXGroup;
			children = (
				F8AE51E7B2D1ACD486576B39 /* Pods-DreamGame.debug.xcconfig */,
				8231DBC9ECED056C7715B9D4 /* Pods-DreamGame.release.xcconfig */,
			);
			name = Pods;
			sourceTree = "<group>";
		};
		3D4044C51BC5B75D00A49C70 = {
			isa = PBXGroup;
			children = (
				3D4044D01BC5B75E00A49C70 /* DreamGame */,
				3D4044EA1BC5B75E00A49C70 /* DreamGameTests */,
				3D4044CF1BC5B75E00A49C70 /* Products */,
				234DDBAB976BFF0B1621EDB2 /* Pods */,
				6093F7DFE96B4C6A78C0C6E0 /* Frameworks */,
			);
			sourceTree = "<group>";
		};
		3D4044CF1BC5B75E00A49C70 /* Products */ = {
			isa = PBXGroup;
			children = (
				3D4044CE1BC5B75E00A49C70 /* DreamGame.app */,
				3D4044E71BC5B75E00A49C70 /* DreamGameTests.xctest */,
			);
			name = Products;
			sourceTree = "<group>";
		};
		3D4044D01BC5B75E00A49C70 /* DreamGame */ = {
			isa = PBXGroup;
			children = (
				3D4044D51BC5B75E00A49C70 /* AppDelegate.h */,
				3D4044D61BC5B75E00A49C70 /* AppDelegate.m */,
				3D6D5EEF1C4ED653004FFA5F /* AMYStoryDataStore.h */,
				3D6D5EF01C4ED653004FFA5F /* AMYStoryDataStore.m */,
				3D4044DB1BC5B75E00A49C70 /* Main.storyboard */,
				3D6D5EE91C4EB79E004FFA5F /* AMYMainTableViewController.h */,
				3D6D5EEA1C4EB79E004FFA5F /* AMYMainTableViewController.m */,
				3D23DACA1C5FD8D700C5FFBA /* DreamGame.xcdatamodeld */,
				3D4044DE1BC5B75E00A49C70 /* Images.xcassets */,
				3DA309C61C63F5AF00AC8594 /* Managed Data */,
				3D4044E01BC5B75E00A49C70 /* LaunchScreen.xib */,
				3DA309C71C63F5DE00AC8594 /* CSVs */,
				3D4044D11BC5B75E00A49C70 /* Supporting Files */,
			);
			path = DreamGame;
			sourceTree = "<group>";
		};
		3D4044D11BC5B75E00A49C70 /* Supporting Files */ = {
			isa = PBXGroup;
			children = (
				3D4044D21BC5B75E00A49C70 /* Info.plist */,
				3D4044D31BC5B75E00A49C70 /* main.m */,
			);
			name = "Supporting Files";
			sourceTree = "<group>";
		};
		3D4044EA1BC5B75E00A49C70 /* DreamGameTests */ = {
			isa = PBXGroup;
			children = (
				3D4044ED1BC5B75E00A49C70 /* DreamGameTests.m */,
				3D4044EB1BC5B75E00A49C70 /* Supporting Files */,
			);
			path = DreamGameTests;
			sourceTree = "<group>";
		};
		3D4044EB1BC5B75E00A49C70 /* Supporting Files */ = {
			isa = PBXGroup;
			children = (
				3D4044EC1BC5B75E00A49C70 /* Info.plist */,
			);
			name = "Supporting Files";
			sourceTree = "<group>";
		};
		3DA309C61C63F5AF00AC8594 /* Managed Data */ = {
			isa = PBXGroup;
			children = (
				3D95E9421C776DA70029971D /* Character+CoreDataProperties.h */,
				3D95E9431C776DA70029971D /* Character+CoreDataProperties.m */,
				3D95E9441C776DA70029971D /* Character.h */,
				3D95E9451C776DA70029971D /* Character.m */,
				3DBCE34D1C76965B00D11500 /* Playthrough+CoreDataProperties.h */,
				3DBCE34E1C76965B00D11500 /* Playthrough+CoreDataProperties.m */,
				3DBCE34F1C76965B00D11500 /* Playthrough.h */,
				3DBCE3501C76965B00D11500 /* Playthrough.m */,
				3DA309C81C6413DD00AC8594 /* Choice+CoreDataProperties.h */,
				3DA309C91C6413DD00AC8594 /* Choice+CoreDataProperties.m */,
				3D23DB191C601DDE00C5FFBA /* Choice.h */,
				3D23DB1A1C601DDE00C5FFBA /* Choice.m */,
				3D82B6551C66BCA0003C2095 /* Prerequisite+CoreDataProperties.h */,
				3D82B6561C66BCA0003C2095 /* Prerequisite+CoreDataProperties.m */,
				3D23DB1D1C601DDE00C5FFBA /* Prerequisite.h */,
				3D23DB1E1C601DDE00C5FFBA /* Prerequisite.m */,
				3DA309CE1C64140300AC8594 /* Effect+CoreDataProperties.h */,
				3DA309CF1C64140300AC8594 /* Effect+CoreDataProperties.m */,
				3D23DB211C601DDE00C5FFBA /* Effect.h */,
				3D23DB221C601DDE00C5FFBA /* Effect.m */,
				3DA309D11C64141E00AC8594 /* Question+CoreDataProperties.h */,
				3DA309D21C64141E00AC8594 /* Question+CoreDataProperties.m */,
				3D23DB251C601DDE00C5FFBA /* Question.h */,
				3D23DB261C601DDE00C5FFBA /* Question.m */,
			);
			name = "Managed Data";
			sourceTree = "<group>";
		};
		3DA309C71C63F5DE00AC8594 /* CSVs */ = {
			isa = PBXGroup;
			children = (
				3DE7CF2F1C7BC5660069DE56 /* Choice-Table 1.csv */,
				3DE7CF301C7BC5660069DE56 /* Effect-Table 1.csv */,
				3DE7CF311C7BC5660069DE56 /* Prerequisite-Table 1.csv */,
				3DE7CF321C7BC5660069DE56 /* Question-Table 1.csv */,
			);
			name = CSVs;
			path = ..;
			sourceTree = "<group>";
		};
		6093F7DFE96B4C6A78C0C6E0 /* Frameworks */ = {
			isa = PBXGroup;
			children = (
				7C0B20A447FEC170EFDF264A /* libPods-DreamGame.a */,
			);
			name = Frameworks;
			sourceTree = "<group>";
		};
/* End PBXGroup section */

/* Begin PBXNativeTarget section */
		3D4044CD1BC5B75E00A49C70 /* DreamGame */ = {
			isa = PBXNativeTarget;
			buildConfigurationList = 3D4044F11BC5B75E00A49C70 /* Build configuration list for PBXNativeTarget "DreamGame" */;
			buildPhases = (
				D737CBF77C0E4E513B7E5D7B /* Check Pods Manifest.lock */,
				3D4044CA1BC5B75E00A49C70 /* Sources */,
				3D4044CB1BC5B75E00A49C70 /* Frameworks */,
				3D4044CC1BC5B75E00A49C70 /* Resources */,
				91290902DD31FBA4095452EF /* Embed Pods Frameworks */,
				A2D09B0CD292C80714E2BC40 /* Copy Pods Resources */,
			);
			buildRules = (
			);
			dependencies = (
			);
			name = DreamGame;
			productName = DreamGame;
			productReference = 3D4044CE1BC5B75E00A49C70 /* DreamGame.app */;
			productType = "com.apple.product-type.application";
		};
		3D4044E61BC5B75E00A49C70 /* DreamGameTests */ = {
			isa = PBXNativeTarget;
			buildConfigurationList = 3D4044F41BC5B75E00A49C70 /* Build configuration list for PBXNativeTarget "DreamGameTests" */;
			buildPhases = (
				3D4044E31BC5B75E00A49C70 /* Sources */,
				3D4044E41BC5B75E00A49C70 /* Frameworks */,
				3D4044E51BC5B75E00A49C70 /* Resources */,
			);
			buildRules = (
			);
			dependencies = (
				3D4044E91BC5B75E00A49C70 /* PBXTargetDependency */,
			);
			name = DreamGameTests;
			productName = DreamGameTests;
			productReference = 3D4044E71BC5B75E00A49C70 /* DreamGameTests.xctest */;
			productType = "com.apple.product-type.bundle.unit-test";
		};
/* End PBXNativeTarget section */

/* Begin PBXProject section */
		3D4044C61BC5B75D00A49C70 /* Project object */ = {
			isa = PBXProject;
			attributes = {
				LastUpgradeCheck = 0720;
				ORGANIZATIONNAME = "Amy Joscelyn";
				TargetAttributes = {
					3D4044CD1BC5B75E00A49C70 = {
						CreatedOnToolsVersion = 6.4;
						DevelopmentTeam = SYR2PUL4D4;
					};
					3D4044E61BC5B75E00A49C70 = {
						CreatedOnToolsVersion = 6.4;
						TestTargetID = 3D4044CD1BC5B75E00A49C70;
					};
				};
			};
			buildConfigurationList = 3D4044C91BC5B75D00A49C70 /* Build configuration list for PBXProject "DreamGame" */;
			compatibilityVersion = "Xcode 3.2";
			developmentRegion = English;
			hasScannedForEncodings = 0;
			knownRegions = (
				en,
				Base,
			);
			mainGroup = 3D4044C51BC5B75D00A49C70;
			productRefGroup = 3D4044CF1BC5B75E00A49C70 /* Products */;
			projectDirPath = "";
			projectRoot = "";
			targets = (
				3D4044CD1BC5B75E00A49C70 /* DreamGame */,
				3D4044E61BC5B75E00A49C70 /* DreamGameTests */,
			);
		};
/* End PBXProject section */

/* Begin PBXResourcesBuildPhase section */
		3D4044CC1BC5B75E00A49C70 /* Resources */ = {
			isa = PBXResourcesBuildPhase;
			buildActionMask = 2147483647;
			files = (
				3D4044DD1BC5B75E00A49C70 /* Main.storyboard in Resources */,
				3DE7CF331C7BC5660069DE56 /* Choice-Table 1.csv in Resources */,
				3DE7CF351C7BC5660069DE56 /* Prerequisite-Table 1.csv in Resources */,
				3DE7CF361C7BC5660069DE56 /* Question-Table 1.csv in Resources */,
				3D4044E21BC5B75E00A49C70 /* LaunchScreen.xib in Resources */,
				3D4044DF1BC5B75E00A49C70 /* Images.xcassets in Resources */,
				3DE7CF341C7BC5660069DE56 /* Effect-Table 1.csv in Resources */,
			);
			runOnlyForDeploymentPostprocessing = 0;
		};
		3D4044E51BC5B75E00A49C70 /* Resources */ = {
			isa = PBXResourcesBuildPhase;
			buildActionMask = 2147483647;
			files = (
			);
			runOnlyForDeploymentPostprocessing = 0;
		};
/* End PBXResourcesBuildPhase section */

/* Begin PBXShellScriptBuildPhase section */
		91290902DD31FBA4095452EF /* Embed Pods Frameworks */ = {
			isa = PBXShellScriptBuildPhase;
			buildActionMask = 2147483647;
			files = (
			);
			inputPaths = (
			);
			name = "Embed Pods Frameworks";
			outputPaths = (
			);
			runOnlyForDeploymentPostprocessing = 0;
			shellPath = /bin/sh;
			shellScript = "\"${SRCROOT}/Pods/Target Support Files/Pods-DreamGame/Pods-DreamGame-frameworks.sh\"\n";
			showEnvVarsInLog = 0;
		};
		A2D09B0CD292C80714E2BC40 /* Copy Pods Resources */ = {
			isa = PBXShellScriptBuildPhase;
			buildActionMask = 2147483647;
			files = (
			);
			inputPaths = (
			);
			name = "Copy Pods Resources";
			outputPaths = (
			);
			runOnlyForDeploymentPostprocessing = 0;
			shellPath = /bin/sh;
			shellScript = "\"${SRCROOT}/Pods/Target Support Files/Pods-DreamGame/Pods-DreamGame-resources.sh\"\n";
			showEnvVarsInLog = 0;
		};
		D737CBF77C0E4E513B7E5D7B /* Check Pods Manifest.lock */ = {
			isa = PBXShellScriptBuildPhase;
			buildActionMask = 2147483647;
			files = (
			);
			inputPaths = (
			);
			name = "Check Pods Manifest.lock";
			outputPaths = (
			);
			runOnlyForDeploymentPostprocessing = 0;
			shellPath = /bin/sh;
			shellScript = "diff \"${PODS_ROOT}/../Podfile.lock\" \"${PODS_ROOT}/Manifest.lock\" > /dev/null\nif [[ $? != 0 ]] ; then\n    cat << EOM\nerror: The sandbox is not in sync with the Podfile.lock. Run 'pod install' or update your CocoaPods installation.\nEOM\n    exit 1\nfi\n";
			showEnvVarsInLog = 0;
		};
/* End PBXShellScriptBuildPhase section */

/* Begin PBXSourcesBuildPhase section */
		3D4044CA1BC5B75E00A49C70 /* Sources */ = {
			isa = PBXSourcesBuildPhase;
			buildActionMask = 2147483647;
			files = (
				3D95E9461C776DA70029971D /* Character+CoreDataProperties.m in Sources */,
				3D23DACC1C5FD8D700C5FFBA /* DreamGame.xcdatamodeld in Sources */,
				3D23DB2C1C601DDE00C5FFBA /* Effect.m in Sources */,
				3D6D5EEB1C4EB79E004FFA5F /* AMYMainTableViewController.m in Sources */,
				3D6D5EF11C4ED653004FFA5F /* AMYStoryDataStore.m in Sources */,
				3D4044D71BC5B75E00A49C70 /* AppDelegate.m in Sources */,
				3D23DB2A1C601DDE00C5FFBA /* Prerequisite.m in Sources */,
				3DA309CA1C6413DD00AC8594 /* Choice+CoreDataProperties.m in Sources */,
				3D95E9471C776DA70029971D /* Character.m in Sources */,
				3DA309D31C64141E00AC8594 /* Question+CoreDataProperties.m in Sources */,
				3D23DB2E1C601DDE00C5FFBA /* Question.m in Sources */,
				3D23DB281C601DDE00C5FFBA /* Choice.m in Sources */,
				3DA309D01C64140300AC8594 /* Effect+CoreDataProperties.m in Sources */,
				3DBCE3511C76965B00D11500 /* Playthrough+CoreDataProperties.m in Sources */,
				3D4044D41BC5B75E00A49C70 /* main.m in Sources */,
				3D82B6571C66BCA0003C2095 /* Prerequisite+CoreDataProperties.m in Sources */,
				3DBCE3521C76965B00D11500 /* Playthrough.m in Sources */,
			);
			runOnlyForDeploymentPostprocessing = 0;
		};
		3D4044E31BC5B75E00A49C70 /* Sources */ = {
			isa = PBXSourcesBuildPhase;
			buildActionMask = 2147483647;
			files = (
				3D4044EE1BC5B75E00A49C70 /* DreamGameTests.m in Sources */,
			);
			runOnlyForDeploymentPostprocessing = 0;
		};
/* End PBXSourcesBuildPhase section */

/* Begin PBXTargetDependency section */
		3D4044E91BC5B75E00A49C70 /* PBXTargetDependency */ = {
			isa = PBXTargetDependency;
			target = 3D4044CD1BC5B75E00A49C70 /* DreamGame */;
			targetProxy = 3D4044E81BC5B75E00A49C70 /* PBXContainerItemProxy */;
		};
/* End PBXTargetDependency section */

/* Begin PBXVariantGroup section */
		3D4044DB1BC5B75E00A49C70 /* Main.storyboard */ = {
			isa = PBXVariantGroup;
			children = (
				3D4044DC1BC5B75E00A49C70 /* Base */,
			);
			name = Main.storyboard;
			sourceTree = "<group>";
		};
		3D4044E01BC5B75E00A49C70 /* LaunchScreen.xib */ = {
			isa = PBXVariantGroup;
			children = (
				3D4044E11BC5B75E00A49C70 /* Base */,
			);
			name = LaunchScreen.xib;
			sourceTree = "<group>";
		};
/* End PBXVariantGroup section */

/* Begin XCBuildConfiguration section */
		3D4044EF1BC5B75E00A49C70 /* Debug */ = {
			isa = XCBuildConfiguration;
			buildSettings = {
				ALWAYS_SEARCH_USER_PATHS = NO;
				CLANG_CXX_LANGUAGE_STANDARD = "gnu++0x";
				CLANG_CXX_LIBRARY = "libc++";
				CLANG_ENABLE_MODULES = YES;
				CLANG_ENABLE_OBJC_ARC = YES;
				CLANG_WARN_BOOL_CONVERSION = YES;
				CLANG_WARN_CONSTANT_CONVERSION = YES;
				CLANG_WARN_DIRECT_OBJC_ISA_USAGE = YES_ERROR;
				CLANG_WARN_EMPTY_BODY = YES;
				CLANG_WARN_ENUM_CONVERSION = YES;
				CLANG_WARN_INT_CONVERSION = YES;
				CLANG_WARN_OBJC_ROOT_CLASS = YES_ERROR;
				CLANG_WARN_UNREACHABLE_CODE = YES;
				CLANG_WARN__DUPLICATE_METHOD_MATCH = YES;
				"CODE_SIGN_IDENTITY[sdk=iphoneos*]" = "iPhone Developer";
				COPY_PHASE_STRIP = NO;
				DEBUG_INFORMATION_FORMAT = "dwarf-with-dsym";
				ENABLE_STRICT_OBJC_MSGSEND = YES;
				ENABLE_TESTABILITY = YES;
				GCC_C_LANGUAGE_STANDARD = gnu99;
				GCC_DYNAMIC_NO_PIC = NO;
				GCC_NO_COMMON_BLOCKS = YES;
				GCC_OPTIMIZATION_LEVEL = 0;
				GCC_PREPROCESSOR_DEFINITIONS = (
					"DEBUG=1",
					"$(inherited)",
				);
				GCC_SYMBOLS_PRIVATE_EXTERN = NO;
				GCC_WARN_64_TO_32_BIT_CONVERSION = YES;
				GCC_WARN_ABOUT_RETURN_TYPE = YES_ERROR;
				GCC_WARN_UNDECLARED_SELECTOR = YES;
				GCC_WARN_UNINITIALIZED_AUTOS = YES_AGGRESSIVE;
				GCC_WARN_UNUSED_FUNCTION = YES;
				GCC_WARN_UNUSED_VARIABLE = YES;
				IPHONEOS_DEPLOYMENT_TARGET = 8.4;
				MTL_ENABLE_DEBUG_INFO = YES;
				ONLY_ACTIVE_ARCH = YES;
				SDKROOT = iphoneos;
				TARGETED_DEVICE_FAMILY = "1,2";
			};
			name = Debug;
		};
		3D4044F01BC5B75E00A49C70 /* Release */ = {
			isa = XCBuildConfiguration;
			buildSettings = {
				ALWAYS_SEARCH_USER_PATHS = NO;
				CLANG_CXX_LANGUAGE_STANDARD = "gnu++0x";
				CLANG_CXX_LIBRARY = "libc++";
				CLANG_ENABLE_MODULES = YES;
				CLANG_ENABLE_OBJC_ARC = YES;
				CLANG_WARN_BOOL_CONVERSION = YES;
				CLANG_WARN_CONSTANT_CONVERSION = YES;
				CLANG_WARN_DIRECT_OBJC_ISA_USAGE = YES_ERROR;
				CLANG_WARN_EMPTY_BODY = YES;
				CLANG_WARN_ENUM_CONVERSION = YES;
				CLANG_WARN_INT_CONVERSION = YES;
				CLANG_WARN_OBJC_ROOT_CLASS = YES_ERROR;
				CLANG_WARN_UNREACHABLE_CODE = YES;
				CLANG_WARN__DUPLICATE_METHOD_MATCH = YES;
				"CODE_SIGN_IDENTITY[sdk=iphoneos*]" = "iPhone Developer";
				COPY_PHASE_STRIP = NO;
				DEBUG_INFORMATION_FORMAT = "dwarf-with-dsym";
				ENABLE_NS_ASSERTIONS = NO;
				ENABLE_STRICT_OBJC_MSGSEND = YES;
				GCC_C_LANGUAGE_STANDARD = gnu99;
				GCC_NO_COMMON_BLOCKS = YES;
				GCC_WARN_64_TO_32_BIT_CONVERSION = YES;
				GCC_WARN_ABOUT_RETURN_TYPE = YES_ERROR;
				GCC_WARN_UNDECLARED_SELECTOR = YES;
				GCC_WARN_UNINITIALIZED_AUTOS = YES_AGGRESSIVE;
				GCC_WARN_UNUSED_FUNCTION = YES;
				GCC_WARN_UNUSED_VARIABLE = YES;
				IPHONEOS_DEPLOYMENT_TARGET = 8.4;
				MTL_ENABLE_DEBUG_INFO = NO;
				SDKROOT = iphoneos;
				TARGETED_DEVICE_FAMILY = "1,2";
				VALIDATE_PRODUCT = YES;
			};
			name = Release;
		};
		3D4044F21BC5B75E00A49C70 /* Debug */ = {
			isa = XCBuildConfiguration;
			baseConfigurationReference = F8AE51E7B2D1ACD486576B39 /* Pods-DreamGame.debug.xcconfig */;
			buildSettings = {
				ASSETCATALOG_COMPILER_APPICON_NAME = AppIcon;
				CODE_SIGN_IDENTITY = "iPhone Developer";
				INFOPLIST_FILE = DreamGame/Info.plist;
				LD_RUNPATH_SEARCH_PATHS = "$(inherited) @executable_path/Frameworks";
				PRODUCT_BUNDLE_IDENTIFIER = "AMY.$(PRODUCT_NAME:rfc1034identifier)";
				PRODUCT_NAME = "$(TARGET_NAME)";
			};
			name = Debug;
		};
		3D4044F31BC5B75E00A49C70 /* Release */ = {
			isa = XCBuildConfiguration;
			baseConfigurationReference = 8231DBC9ECED056C7715B9D4 /* Pods-DreamGame.release.xcconfig */;
			buildSettings = {
				ASSETCATALOG_COMPILER_APPICON_NAME = AppIcon;
				CODE_SIGN_IDENTITY = "iPhone Developer";
				INFOPLIST_FILE = DreamGame/Info.plist;
				LD_RUNPATH_SEARCH_PATHS = "$(inherited) @executable_path/Frameworks";
				PRODUCT_BUNDLE_IDENTIFIER = "AMY.$(PRODUCT_NAME:rfc1034identifier)";
				PRODUCT_NAME = "$(TARGET_NAME)";
			};
			name = Release;
		};
		3D4044F51BC5B75E00A49C70 /* Debug */ = {
			isa = XCBuildConfiguration;
			buildSettings = {
				BUNDLE_LOADER = "$(TEST_HOST)";
				FRAMEWORK_SEARCH_PATHS = (
					"$(SDKROOT)/Developer/Library/Frameworks",
					"$(inherited)",
				);
				GCC_PREPROCESSOR_DEFINITIONS = (
					"DEBUG=1",
					"$(inherited)",
				);
				INFOPLIST_FILE = DreamGameTests/Info.plist;
				LD_RUNPATH_SEARCH_PATHS = "$(inherited) @executable_path/Frameworks @loader_path/Frameworks";
				PRODUCT_BUNDLE_IDENTIFIER = "AMY.$(PRODUCT_NAME:rfc1034identifier)";
				PRODUCT_NAME = "$(TARGET_NAME)";
				TEST_HOST = "$(BUILT_PRODUCTS_DIR)/DreamGame.app/DreamGame";
			};
			name = Debug;
		};
		3D4044F61BC5B75E00A49C70 /* Release */ = {
			isa = XCBuildConfiguration;
			buildSettings = {
				BUNDLE_LOADER = "$(TEST_HOST)";
				FRAMEWORK_SEARCH_PATHS = (
					"$(SDKROOT)/Developer/Library/Frameworks",
					"$(inherited)",
				);
				INFOPLIST_FILE = DreamGameTests/Info.plist;
				LD_RUNPATH_SEARCH_PATHS = "$(inherited) @executable_path/Frameworks @loader_path/Frameworks";
				PRODUCT_BUNDLE_IDENTIFIER = "AMY.$(PRODUCT_NAME:rfc1034identifier)";
				PRODUCT_NAME = "$(TARGET_NAME)";
				TEST_HOST = "$(BUILT_PRODUCTS_DIR)/DreamGame.app/DreamGame";
			};
			name = Release;
		};
/* End XCBuildConfiguration section */

/* Begin XCConfigurationList section */
		3D4044C91BC5B75D00A49C70 /* Build configuration list for PBXProject "DreamGame" */ = {
			isa = XCConfigurationList;
			buildConfigurations = (
				3D4044EF1BC5B75E00A49C70 /* Debug */,
				3D4044F01BC5B75E00A49C70 /* Release */,
			);
			defaultConfigurationIsVisible = 0;
			defaultConfigurationName = Release;
		};
		3D4044F11BC5B75E00A49C70 /* Build configuration list for PBXNativeTarget "DreamGame" */ = {
			isa = XCConfigurationList;
			buildConfigurations = (
				3D4044F21BC5B75E00A49C70 /* Debug */,
				3D4044F31BC5B75E00A49C70 /* Release */,
			);
			defaultConfigurationIsVisible = 0;
			defaultConfigurationName = Release;
		};
		3D4044F41BC5B75E00A49C70 /* Build configuration list for PBXNativeTarget "DreamGameTests" */ = {
			isa = XCConfigurationList;
			buildConfigurations = (
				3D4044F51BC5B75E00A49C70 /* Debug */,
				3D4044F61BC5B75E00A49C70 /* Release */,
			);
			defaultConfigurationIsVisible = 0;
			defaultConfigurationName = Release;
		};
/* End XCConfigurationList section */

/* Begin XCVersionGroup section */
		3D23DACA1C5FD8D700C5FFBA /* DreamGame.xcdatamodeld */ = {
			isa = XCVersionGroup;
			children = (
				3D23DACB1C5FD8D700C5FFBA /* DreamGame.xcdatamodel */,
			);
			currentVersion = 3D23DACB1C5FD8D700C5FFBA /* DreamGame.xcdatamodel */;
			path = DreamGame.xcdatamodeld;
			sourceTree = "<group>";
			versionGroupType = wrapper.xcdatamodel;
		};
/* End XCVersionGroup section */
	};
	rootObject = 3D4044C61BC5B75D00A49C70 /* Project object */;
}
